Microsoft Visual Studio Solution File, Format Version 12.00
# Visual Studio Version 17
VisualStudioVersion = 17.5.2.0
MinimumVisualStudioVersion = 10.0.40219.1
Project("{FAE04EC0-301F-11D3-BF4B-00C04F79EFBC}") = "Lab2_Swagger_Postman", "Lab2_Swagger_Postman.csproj", "{D38581D1-DF16-4F0B-6DCA-CC87B3CF4FA6}"
EndProject
Global
	GlobalSection(SolutionConfigurationPlatforms) = preSolution
		Debug|Any CPU = Debug|Any CPU
		Release|Any CPU = Release|Any CPU
	EndGlobalSection
	GlobalSection(ProjectConfigurationPlatforms) = postSolution
		{D38581D1-DF16-4F0B-6DCA-CC87B3CF4FA6}.Debug|Any CPU.ActiveCfg = Debug|Any CPU
		{D38581D1-DF16-4F0B-6DCA-CC87B3CF4FA6}.Debug|Any CPU.Build.0 = Debug|Any CPU
		{D38581D1-DF16-4F0B-6DCA-CC87B3CF4FA6}.Release|Any CPU.ActiveCfg = Release|Any CPU
		{D38581D1-DF16-4F0B-6DCA-CC87B3CF4FA6}.Release|Any CPU.Build.0 = Release|Any CPU
	EndGlobalSection
	GlobalSection(SolutionProperties) = preSolution
		HideSolutionNode = FALSE
	EndGlobalSection
	GlobalSection(ExtensibilityGlobals) = postSolution
		SolutionGuid = {FB99D88C-F855-4D6A-BF29-A5583EF2DE8A}
	EndGlobalSection
EndGlobal
